
Microsoft Visual Studio Solution File, Format Version 12.00
# Visual Studio 14
VisualStudioVersion = 14.0.25420.1
MinimumVisualStudioVersion = 10.0.40219.1
Project("{FAE04EC0-301F-11D3-BF4B-00C04F79EFBC}") = "OnScreenKeyboard", "OnScreenKeyboard\OnScreenKeyboard.csproj", "{AE04E4D1-2E95-41DD-B9A5-FD0D12D32691}"
EndProject
Project("{FAE04EC0-301F-11D3-BF4B-00C04F79EFBC}") = "OnScreenKeyboard.Tests", "OnScreenKeyboard.Tests\OnScreenKeyboard.Tests.csproj", "{58B7D9A2-87B9-4AF2-9EEB-09CFA0B22E9B}"
EndProject
Global
	GlobalSection(SolutionConfigurationPlatforms) = preSolution
		Debug|Any CPU = Debug|Any CPU
		Release|Any CPU = Release|Any CPU
	EndGlobalSection
	GlobalSection(ProjectConfigurationPlatforms) = postSolution
		{AE04E4D1-2E95-41DD-B9A5-FD0D12D32691}.Debug|Any CPU.ActiveCfg = Debug|Any CPU
		{AE04E4D1-2E95-41DD-B9A5-FD0D12D32691}.Debug|Any CPU.Build.0 = Debug|Any CPU
		{AE04E4D1-2E95-41DD-B9A5-FD0D12D32691}.Release|Any CPU.ActiveCfg = Release|Any CPU
		{AE04E4D1-2E95-41DD-B9A5-FD0D12D32691}.Release|Any CPU.Build.0 = Release|Any CPU
		{58B7D9A2-87B9-4AF2-9EEB-09CFA0B22E9B}.Debug|Any CPU.ActiveCfg = Debug|Any CPU
		{58B7D9A2-87B9-4AF2-9EEB-09CFA0B22E9B}.Debug|Any CPU.Build.0 = Debug|Any CPU
		{58B7D9A2-87B9-4AF2-9EEB-09CFA0B22E9B}.Release|Any CPU.ActiveCfg = Release|Any CPU
		{58B7D9A2-87B9-4AF2-9EEB-09CFA0B22E9B}.Release|Any CPU.Build.0 = Release|Any CPU
	EndGlobalSection
	GlobalSection(SolutionProperties) = preSolution
		HideSolutionNode = FALSE
	EndGlobalSection
EndGlobal
